{
  "name": "2024",
  "version": "1.0.0",
  "lockfileVersion": 3,
  "requires": true,
  "packages": {
    "": {
      "name": "2024",
      "version": "1.0.0",
      "license": "ISC",
      "dependencies": {
        "@seregpie/bron-kerbosch": "^1.0.1",
        "cytoscape": "^3.30.4",
        "cytoscape-dagre": "^2.5.0",
        "js-combinatorics": "^2.1.2",
        "nerdamer": "^1.1.13"
      }
    },
    "node_modules/@seregpie/bron-kerbosch": {
      "version": "1.0.1",
      "resolved": "https://upsideenergy.jfrog.io/artifactory/api/npm/npm/@seregpie/bron-kerbosch/-/bron-kerbosch-1.0.1.tgz",
      "integrity": "sha512-YGj/flG7x06paAFwPzd/bL/BqAGkni1RAEycasJKwTid3eO+7SR0edLiB7zwc558w6+5MlPb1IxwUNpayTR9uQ==",
      "license": "MIT"
    },
    "node_modules/cytoscape": {
      "version": "3.30.4",
      "resolved": "https://upsideenergy.jfrog.io/artifactory/api/npm/npm/cytoscape/-/cytoscape-3.30.4.tgz",
      "integrity": "sha512-OxtlZwQl1WbwMmLiyPSEBuzeTIQnwZhJYYWFzZ2PhEHVFwpeaqNIkUzSiso00D98qk60l8Gwon2RP304d3BJ1A==",
      "license": "MIT",
      "engines": {
        "node": ">=0.10"
      }
    },
    "node_modules/cytoscape-dagre": {
      "version": "2.5.0",
      "resolved": "https://upsideenergy.jfrog.io/artifactory/api/npm/npm/cytoscape-dagre/-/cytoscape-dagre-2.5.0.tgz",
      "integrity": "sha512-VG2Knemmshop4kh5fpLO27rYcyUaaDkRw+6PiX4bstpB+QFt0p2oauMrsjVbUamGWQ6YNavh7x2em2uZlzV44g==",
      "license": "MIT",
      "dependencies": {
        "dagre": "^0.8.5"
      },
      "peerDependencies": {
        "cytoscape": "^3.2.22"
      }
    },
    "node_modules/dagre": {
      "version": "0.8.5",
      "resolved": "https://upsideenergy.jfrog.io/artifactory/api/npm/npm/dagre/-/dagre-0.8.5.tgz",
      "integrity": "sha512-/aTqmnRta7x7MCCpExk7HQL2O4owCT2h8NT//9I1OQ9vt29Pa0BzSAkR5lwFUcQ7491yVi/3CXU9jQ5o0Mn2Sw==",
      "license": "MIT",
      "dependencies": {
        "graphlib": "^2.1.8",
        "lodash": "^4.17.15"
      }
    },
    "node_modules/graphlib": {
      "version": "2.1.8",
      "resolved": "https://upsideenergy.jfrog.io/artifactory/api/npm/npm/graphlib/-/graphlib-2.1.8.tgz",
      "integrity": "sha512-jcLLfkpoVGmH7/InMC/1hIvOPSUh38oJtGhvrOFGzioE1DZ+0YW16RgmOJhHiuWTvGiJQ9Z1Ik43JvkRPRvE+A==",
      "license": "MIT",
      "dependencies": {
        "lodash": "^4.17.15"
      }
    },
    "node_modules/js-combinatorics": {
      "version": "2.1.2",
      "resolved": "https://upsideenergy.jfrog.io/artifactory/api/npm/npm/js-combinatorics/-/js-combinatorics-2.1.2.tgz",
      "integrity": "sha512-/1AY2bYwxajoaKjPzvgQ80U7lcucU71ubzFPVgZGmzbDGn3R18ZQUZfD69+4Idg4JfNcq6trwD6I+dRfVnr/tg==",
      "license": "MIT"
    },
    "node_modules/lodash": {
      "version": "4.17.21",
      "resolved": "https://upsideenergy.jfrog.io/artifactory/api/npm/npm/lodash/-/lodash-4.17.21.tgz",
      "integrity": "sha512-v2kDEe57lecTulaDIuNTPy3Ry4gLGJ6Z1O3vE1krgXZNrsQ+LFTGHVxVjcXPs17LhbZVGedAJv8XZ1tvj5FvSg==",
      "license": "MIT"
    },
    "node_modules/nerdamer": {
      "version": "1.1.13",
      "resolved": "https://upsideenergy.jfrog.io/artifactory/api/npm/npm/nerdamer/-/nerdamer-1.1.13.tgz",
      "integrity": "sha512-kQGQYd42eQpKDOnU8ZnRKF47c+gK6jVC46eUchrABsovtFruHvsjyjBO32jck8QnpZE5z5R8HQw72hQX9Oq2MQ==",
      "license": "MIT",
      "engines": {
        "node": ">=0.10.0"
      }
    }
  }
}
